
Microsoft Visual Studio Solution File, Format Version 12.00
# Visual Studio Version 17
VisualStudioVersion = 17.3.32929.385
MinimumVisualStudioVersion = 10.0.40219.1
Project("{FAE04EC0-301F-11D3-BF4B-00C04F79EFBC}") = "ATM PROJECT", "ATM PROJECT\ATM PROJECT.csproj", "{D63333F6-B8A6-471B-B3BC-CB860B8BB30A}"
EndProject
Global
	GlobalSection(SolutionConfigurationPlatforms) = preSolution
		Debug|Any CPU = Debug|Any CPU
		Release|Any CPU = Release|Any CPU
	EndGlobalSection
	GlobalSection(ProjectConfigurationPlatforms) = postSolution
		{D63333F6-B8A6-471B-B3BC-CB860B8BB30A}.Debug|Any CPU.ActiveCfg = Debug|Any CPU
		{D63333F6-B8A6-471B-B3BC-CB860B8BB30A}.Debug|Any CPU.Build.0 = Debug|Any CPU
		{D63333F6-B8A6-471B-B3BC-CB860B8BB30A}.Release|Any CPU.ActiveCfg = Release|Any CPU
		{D63333F6-B8A6-471B-B3BC-CB860B8BB30A}.Release|Any CPU.Build.0 = Release|Any CPU
	EndGlobalSection
	GlobalSection(SolutionProperties) = preSolution
		HideSolutionNode = FALSE
	EndGlobalSection
	GlobalSection(ExtensibilityGlobals) = postSolution
		SolutionGuid = {A9FC5C69-E8B4-471A-AD26-6C0E58097D5D}
	EndGlobalSection
EndGlobal
